<?xml version="1.0" encoding="utf-8"?>
<Project ToolsVersion="4.0" xmlns="http://schemas.microsoft.com/developer/msbuild/2003">
  <ItemGroup>
    <Filter Include="Source Files">
      <UniqueIdentifier>{4FC737F1-C7A5-4376-A066-2A32D752A2FF}</UniqueIdentifier>
      <Extensions>cpp;c;cc;cxx;c++;def;odl;idl;hpj;bat;asm;asmx</Extensions>
    </Filter>
    <Filter Include="Header Files">
      <UniqueIdentifier>{93995380-89BD-4b04-88EB-625FBE52EBFB}</UniqueIdentifier>
      <Extensions>h;hh;hpp;hxx;h++;hm;inl;inc;ipp;xsd</Extensions>
    </Filter>
    <Filter Include="Resource Files">
      <UniqueIdentifier>{67DA6AB6-F800-4c08-8B7A-83BB121AAD01}</UniqueIdentifier>
      <Extensions>rc;ico;cur;bmp;dlg;rc2;rct;bin;rgs;gif;jpg;jpeg;jpe;resx;tiff;tif;png;wav;mfcribbon-ms</Extensions>
    </Filter>
  </ItemGroup>
  <ItemGroup>
    <ClCompile Include="main.cpp">
      <Filter>Source Files</Filter>
    </ClCompile>
    <ClCompile Include="ZXBigInteger.cpp">
      <Filter>Source Files</Filter>
    </ClCompile>
    <ClCompile Include="WhiteRectDetector.cpp">
      <Filter>Source Files</Filter>
    </ClCompile>
    <ClCompile Include="TextDecoder.cpp">
      <Filter>Source Files</Filter>
    </ClCompile>
    <ClCompile Include="ResultPoint.cpp">
      <Filter>Source Files</Filter>
    </ClCompile>
    <ClCompile Include="ResultMetadata.cpp">
      <Filter>Source Files</Filter>
    </ClCompile>
    <ClCompile Include="Result.cpp">
      <Filter>Source Files</Filter>
    </ClCompile>
    <ClCompile Include="ReedSolomonDecoder.cpp">
      <Filter>Source Files</Filter>
    </ClCompile>
    <ClCompile Include="ReadBarcode.cpp">
      <Filter>Source Files</Filter>
    </ClCompile>
    <ClCompile Include="PerspectiveTransform.cpp">
      <Filter>Source Files</Filter>
    </ClCompile>
    <ClCompile Include="MultiFormatReader.cpp">
      <Filter>Source Files</Filter>
    </ClCompile>
    <ClCompile Include="LuminanceSource.cpp">
      <Filter>Source Files</Filter>
    </ClCompile>
    <ClCompile Include="HybridBinarizer.cpp">
      <Filter>Source Files</Filter>
    </ClCompile>
    <ClCompile Include="GridSampler.cpp">
      <Filter>Source Files</Filter>
    </ClCompile>
    <ClCompile Include="GlobalHistogramBinarizer.cpp">
      <Filter>Source Files</Filter>
    </ClCompile>
    <ClCompile Include="GenericLuminanceSource.cpp">
      <Filter>Source Files</Filter>
    </ClCompile>
    <ClCompile Include="GenericGFPoly.cpp">
      <Filter>Source Files</Filter>
    </ClCompile>
    <ClCompile Include="GenericGF.cpp">
      <Filter>Source Files</Filter>
    </ClCompile>
    <ClCompile Include="DecodeStatus.cpp">
      <Filter>Source Files</Filter>
    </ClCompile>
    <ClCompile Include="DecodeHints.cpp">
      <Filter>Source Files</Filter>
    </ClCompile>
    <ClCompile Include="CharacterSetECI.cpp">
      <Filter>Source Files</Filter>
    </ClCompile>
    <ClCompile Include="BitSource.cpp">
      <Filter>Source Files</Filter>
    </ClCompile>
    <ClCompile Include="BitMatrix.cpp">
      <Filter>Source Files</Filter>
    </ClCompile>
    <ClCompile Include="BitArray.cpp">
      <Filter>Source Files</Filter>
    </ClCompile>
    <ClCompile Include="BarcodeFormat.cpp">
      <Filter>Source Files</Filter>
    </ClCompile>
    <ClCompile Include="AZToken.cpp">
      <Filter>Source Files</Filter>
    </ClCompile>
    <ClCompile Include="AZReader.cpp">
      <Filter>Source Files</Filter>
    </ClCompile>
    <ClCompile Include="AZDetector.cpp">
      <Filter>Source Files</Filter>
    </ClCompile>
    <ClCompile Include="AZDecoder.cpp">
      <Filter>Source Files</Filter>
    </ClCompile>
    <ClCompile Include="Big5MapTable.cpp">
      <Filter>Source Files</Filter>
    </ClCompile>
    <ClCompile Include="Big5TextDecoder.cpp">
      <Filter>Source Files</Filter>
    </ClCompile>
    <ClCompile Include="GBTextDecoder.cpp">
      <Filter>Source Files</Filter>
    </ClCompile>
    <ClCompile Include="JPTextDecoder.cpp">
      <Filter>Source Files</Filter>
    </ClCompile>
    <ClCompile Include="KRHangulMapping.cpp">
      <Filter>Source Files</Filter>
    </ClCompile>
    <ClCompile Include="KRTextDecoder.cpp">
      <Filter>Source Files</Filter>
    </ClCompile>
    <ClCompile Include="TextUtfEncoding.cpp">
      <Filter>Source Files</Filter>
    </ClCompile>
  </ItemGroup>
  <ItemGroup>
    <ClInclude Include="AZDecoder.h">
      <Filter>Header Files</Filter>
    </ClInclude>
    <ClInclude Include="AZDetector.h">
      <Filter>Header Files</Filter>
    </ClInclude>
    <ClInclude Include="AZDetectorResult.h">
      <Filter>Header Files</Filter>
    </ClInclude>
    <ClInclude Include="AZReader.h">
      <Filter>Header Files</Filter>
    </ClInclude>
    <ClInclude Include="AZToken.h">
      <Filter>Header Files</Filter>
    </ClInclude>
    <ClInclude Include="BarcodeFormat.h">
      <Filter>Header Files</Filter>
    </ClInclude>
    <ClInclude Include="BinaryBitmap.h">
      <Filter>Header Files</Filter>
    </ClInclude>
    <ClInclude Include="BitArray.h">
      <Filter>Header Files</Filter>
    </ClInclude>
    <ClInclude Include="BitHacks.h">
      <Filter>Header Files</Filter>
    </ClInclude>
    <ClInclude Include="BitMatrix.h">
      <Filter>Header Files</Filter>
    </ClInclude>
    <ClInclude Include="BitSource.h">
      <Filter>Header Files</Filter>
    </ClInclude>
    <ClInclude Include="ByteArray.h">
      <Filter>Header Files</Filter>
    </ClInclude>
    <ClInclude Include="ByteMatrix.h">
      <Filter>Header Files</Filter>
    </ClInclude>
    <ClInclude Include="CharacterSet.h">
      <Filter>Header Files</Filter>
    </ClInclude>
    <ClInclude Include="CharacterSetECI.h">
      <Filter>Header Files</Filter>
    </ClInclude>
    <ClInclude Include="CustomData.h">
      <Filter>Header Files</Filter>
    </ClInclude>
    <ClInclude Include="DecodeHints.h">
      <Filter>Header Files</Filter>
    </ClInclude>
    <ClInclude Include="DecoderResult.h">
      <Filter>Header Files</Filter>
    </ClInclude>
    <ClInclude Include="DecodeStatus.h">
      <Filter>Header Files</Filter>
    </ClInclude>
    <ClInclude Include="DetectorResult.h">
      <Filter>Header Files</Filter>
    </ClInclude>
    <ClInclude Include="GenericGF.h">
      <Filter>Header Files</Filter>
    </ClInclude>
    <ClInclude Include="GenericGFPoly.h">
      <Filter>Header Files</Filter>
    </ClInclude>
    <ClInclude Include="GenericLuminanceSource.h">
      <Filter>Header Files</Filter>
    </ClInclude>
    <ClInclude Include="GlobalHistogramBinarizer.h">
      <Filter>Header Files</Filter>
    </ClInclude>
    <ClInclude Include="GridSampler.h">
      <Filter>Header Files</Filter>
    </ClInclude>
    <ClInclude Include="HybridBinarizer.h">
      <Filter>Header Files</Filter>
    </ClInclude>
    <ClInclude Include="LuminanceSource.h">
      <Filter>Header Files</Filter>
    </ClInclude>
    <ClInclude Include="MultiFormatReader.h">
      <Filter>Header Files</Filter>
    </ClInclude>
    <ClInclude Include="PerspectiveTransform.h">
      <Filter>Header Files</Filter>
    </ClInclude>
    <ClInclude Include="ReadBarcode.h">
      <Filter>Header Files</Filter>
    </ClInclude>
    <ClInclude Include="Reader.h">
      <Filter>Header Files</Filter>
    </ClInclude>
    <ClInclude Include="ReedSolomonDecoder.h">
      <Filter>Header Files</Filter>
    </ClInclude>
    <ClInclude Include="Result.h">
      <Filter>Header Files</Filter>
    </ClInclude>
    <ClInclude Include="ResultMetadata.h">
      <Filter>Header Files</Filter>
    </ClInclude>
    <ClInclude Include="ResultPoint.h">
      <Filter>Header Files</Filter>
    </ClInclude>
    <ClInclude Include="TextDecoder.h">
      <Filter>Header Files</Filter>
    </ClInclude>
    <ClInclude Include="WhiteRectDetector.h">
      <Filter>Header Files</Filter>
    </ClInclude>
    <ClInclude Include="ZXBigInteger.h">
      <Filter>Header Files</Filter>
    </ClInclude>
    <ClInclude Include="ZXConfig.h">
      <Filter>Header Files</Filter>
    </ClInclude>
    <ClInclude Include="ZXContainerAlgorithms.h">
      <Filter>Header Files</Filter>
    </ClInclude>
    <ClInclude Include="ZXFilesystem.h">
      <Filter>Header Files</Filter>
    </ClInclude>
    <ClInclude Include="ZXNullable.h">
      <Filter>Header Files</Filter>
    </ClInclude>
    <ClInclude Include="ZXNumeric.h">
      <Filter>Header Files</Filter>
    </ClInclude>
    <ClInclude Include="ZXStrConvWorkaround.h">
      <Filter>Header Files</Filter>
    </ClInclude>
    <ClInclude Include="ZXTestSupport.h">
      <Filter>Header Files</Filter>
    </ClInclude>
    <ClInclude Include="Big5MapTable.h">
      <Filter>Header Files</Filter>
    </ClInclude>
    <ClInclude Include="Big5TextDecoder.h">
      <Filter>Header Files</Filter>
    </ClInclude>
    <ClInclude Include="GBTextDecoder.h">
      <Filter>Header Files</Filter>
    </ClInclude>
    <ClInclude Include="JPTextDecoder.h">
      <Filter>Header Files</Filter>
    </ClInclude>
    <ClInclude Include="KRHangulMapping.h">
      <Filter>Header Files</Filter>
    </ClInclude>
    <ClInclude Include="KRTextDecoder.h">
      <Filter>Header Files</Filter>
    </ClInclude>
    <ClInclude Include="TextUtfEncoding.h">
      <Filter>Header Files</Filter>
    </ClInclude>
  </ItemGroup>
</Project>